
Microsoft Visual Studio Solution File, Format Version 12.00
# Visual Studio Version 17
VisualStudioVersion = 17.0.31903.59
MinimumVisualStudioVersion = 10.0.40219.1
Project("{FAE04EC0-301F-11D3-BF4B-00C04F79EFBC}") = "LivrariaOnline.Backend.Adapters", "LivrariaOnline.Backend.Adapters\LivrariaOnline.Backend.Adapters.csproj", "{A8058EE1-7019-4C67-B4A7-A3DB8C2B05B5}"
EndProject
Project("{FAE04EC0-301F-11D3-BF4B-00C04F79EFBC}") = "LivrariaOnline.Backend.Application", "LivrariaOnline.Backend.Application\LivrariaOnline.Backend.Application.csproj", "{7C28BE34-CA61-4EBE-AEE4-01889505E153}"
EndProject
Project("{FAE04EC0-301F-11D3-BF4B-00C04F79EFBC}") = "LivrariaOnline.Backend.Infra", "LivrariaOnline.Backend.Infra\LivrariaOnline.Backend.Infra.csproj", "{E1380E22-87FF-4001-AACE-C25DDD725C3A}"
EndProject
Project("{FAE04EC0-301F-11D3-BF4B-00C04F79EFBC}") = "LivrariaOnline.Backend.DependencyInversion", "LivrariaOnline.Backend.DependencyInversion\LivrariaOnline.Backend.DependencyInversion.csproj", "{D09AAA20-55A9-46AD-9F30-B1D56D680EEB}"
EndProject
Project("{FAE04EC0-301F-11D3-BF4B-00C04F79EFBC}") = "LivrariaOnline.Backend.UI", "LivrariaOnline.Backend.UI\LivrariaOnline.Backend.UI.csproj", "{944599E1-7A90-4D6F-AD38-2AB2532DD579}"
EndProject
Global
	GlobalSection(SolutionConfigurationPlatforms) = preSolution
		Debug|Any CPU = Debug|Any CPU
		Release|Any CPU = Release|Any CPU
	EndGlobalSection
	GlobalSection(SolutionProperties) = preSolution
		HideSolutionNode = FALSE
	EndGlobalSection
	GlobalSection(ProjectConfigurationPlatforms) = postSolution
		{A8058EE1-7019-4C67-B4A7-A3DB8C2B05B5}.Debug|Any CPU.ActiveCfg = Debug|Any CPU
		{A8058EE1-7019-4C67-B4A7-A3DB8C2B05B5}.Debug|Any CPU.Build.0 = Debug|Any CPU
		{A8058EE1-7019-4C67-B4A7-A3DB8C2B05B5}.Release|Any CPU.ActiveCfg = Release|Any CPU
		{A8058EE1-7019-4C67-B4A7-A3DB8C2B05B5}.Release|Any CPU.Build.0 = Release|Any CPU
		{7C28BE34-CA61-4EBE-AEE4-01889505E153}.Debug|Any CPU.ActiveCfg = Debug|Any CPU
		{7C28BE34-CA61-4EBE-AEE4-01889505E153}.Debug|Any CPU.Build.0 = Debug|Any CPU
		{7C28BE34-CA61-4EBE-AEE4-01889505E153}.Release|Any CPU.ActiveCfg = Release|Any CPU
		{7C28BE34-CA61-4EBE-AEE4-01889505E153}.Release|Any CPU.Build.0 = Release|Any CPU
		{E1380E22-87FF-4001-AACE-C25DDD725C3A}.Debug|Any CPU.ActiveCfg = Debug|Any CPU
		{E1380E22-87FF-4001-AACE-C25DDD725C3A}.Debug|Any CPU.Build.0 = Debug|Any CPU
		{E1380E22-87FF-4001-AACE-C25DDD725C3A}.Release|Any CPU.ActiveCfg = Release|Any CPU
		{E1380E22-87FF-4001-AACE-C25DDD725C3A}.Release|Any CPU.Build.0 = Release|Any CPU
		{D09AAA20-55A9-46AD-9F30-B1D56D680EEB}.Debug|Any CPU.ActiveCfg = Debug|Any CPU
		{D09AAA20-55A9-46AD-9F30-B1D56D680EEB}.Debug|Any CPU.Build.0 = Debug|Any CPU
		{D09AAA20-55A9-46AD-9F30-B1D56D680EEB}.Release|Any CPU.ActiveCfg = Release|Any CPU
		{D09AAA20-55A9-46AD-9F30-B1D56D680EEB}.Release|Any CPU.Build.0 = Release|Any CPU
		{944599E1-7A90-4D6F-AD38-2AB2532DD579}.Debug|Any CPU.ActiveCfg = Debug|Any CPU
		{944599E1-7A90-4D6F-AD38-2AB2532DD579}.Debug|Any CPU.Build.0 = Debug|Any CPU
		{944599E1-7A90-4D6F-AD38-2AB2532DD579}.Release|Any CPU.ActiveCfg = Release|Any CPU
		{944599E1-7A90-4D6F-AD38-2AB2532DD579}.Release|Any CPU.Build.0 = Release|Any CPU
	EndGlobalSection
EndGlobal
